
Microsoft Visual Studio Solution File, Format Version 12.00
# Visual Studio Version 16
VisualStudioVersion = 16.0.31005.135
MinimumVisualStudioVersion = 10.0.40219.1
Project("{FAE04EC0-301F-11D3-BF4B-00C04F79EFBC}") = "FixStore", "FixStore\FixStore.csproj", "{DF7C5132-E1B4-4F69-8312-6178B194B0FB}"
EndProject
Global
	GlobalSection(SolutionConfigurationPlatforms) = preSolution
		Debug|Any CPU = Debug|Any CPU
		Release|Any CPU = Release|Any CPU
	EndGlobalSection
	GlobalSection(ProjectConfigurationPlatforms) = postSolution
		{DF7C5132-E1B4-4F69-8312-6178B194B0FB}.Debug|Any CPU.ActiveCfg = Debug|Any CPU
		{DF7C5132-E1B4-4F69-8312-6178B194B0FB}.Debug|Any CPU.Build.0 = Debug|Any CPU
		{DF7C5132-E1B4-4F69-8312-6178B194B0FB}.Release|Any CPU.ActiveCfg = Release|Any CPU
		{DF7C5132-E1B4-4F69-8312-6178B194B0FB}.Release|Any CPU.Build.0 = Release|Any CPU
	EndGlobalSection
	GlobalSection(SolutionProperties) = preSolution
		HideSolutionNode = FALSE
	EndGlobalSection
	GlobalSection(ExtensibilityGlobals) = postSolution
		SolutionGuid = {5141C3AC-4736-4CD2-AF6B-FA9D2A190CCE}
	EndGlobalSection
EndGlobal
